
Microsoft Visual Studio Solution File, Format Version 12.00
# Visual Studio Version 17
VisualStudioVersion = 17.3.32922.545
MinimumVisualStudioVersion = 10.0.40219.1
Project("{FAE04EC0-301F-11D3-BF4B-00C04F79EFBC}") = "TIFFSplitter", "TIFFSplitter\TIFFSplitter.csproj", "{2DD08BB8-FD95-4C38-A4E6-DC22E5A83DB2}"
EndProject
Global
	GlobalSection(SolutionConfigurationPlatforms) = preSolution
		Debug|Any CPU = Debug|Any CPU
		Release|Any CPU = Release|Any CPU
	EndGlobalSection
	GlobalSection(ProjectConfigurationPlatforms) = postSolution
		{2DD08BB8-FD95-4C38-A4E6-DC22E5A83DB2}.Debug|Any CPU.ActiveCfg = Debug|Any CPU
		{2DD08BB8-FD95-4C38-A4E6-DC22E5A83DB2}.Debug|Any CPU.Build.0 = Debug|Any CPU
		{2DD08BB8-FD95-4C38-A4E6-DC22E5A83DB2}.Release|Any CPU.ActiveCfg = Release|Any CPU
		{2DD08BB8-FD95-4C38-A4E6-DC22E5A83DB2}.Release|Any CPU.Build.0 = Release|Any CPU
	EndGlobalSection
	GlobalSection(SolutionProperties) = preSolution
		HideSolutionNode = FALSE
	EndGlobalSection
	GlobalSection(ExtensibilityGlobals) = postSolution
		SolutionGuid = {A552D568-A5E4-4D4B-99A9-ED3B7DE54598}
	EndGlobalSection
EndGlobal
